// !$*UTF8*$!
{
	archiveVersion = 1;
	classes = {
	};
	objectVersion = 46;
	objects = {

/* Begin PBXBuildFile section */
		44514FEB0AE24009ABCC5720 /* libPods.a in Frameworks */ = {isa = PBXBuildFile; fileRef = F2DE0AE4156C499F8EB092F9 /* libPods.a */; };
		8403A1141799876A00BE04E1 /* libz.dylib in Frameworks */ = {isa = PBXBuildFile; fileRef = 8403A1131799876A00BE04E1 /* libz.dylib */; };
		8403A1161799877400BE04E1 /* SystemConfiguration.framework in Frameworks */ = {isa = PBXBuildFile; fileRef = 8403A1151799877400BE04E1 /* SystemConfiguration.framework */; };
		8403A1181799877E00BE04E1 /* MobileCoreServices.framework in Frameworks */ = {isa = PBXBuildFile; fileRef = 8403A1171799877E00BE04E1 /* MobileCoreServices.framework */; };
		8403A11A179987B000BE04E1 /* CFNetwork.framework in Frameworks */ = {isa = PBXBuildFile; fileRef = 8403A119179987B000BE04E1 /* CFNetwork.framework */; };
		8403A11C179987BA00BE04E1 /* Security.framework in Frameworks */ = {isa = PBXBuildFile; fileRef = 8403A11B179987BA00BE04E1 /* Security.framework */; };
		E7477172179D144700762726 /* Annotation.m in Sources */ = {isa = PBXBuildFile; fileRef = E7477171179D144700762726 /* Annotation.m */; };
		E75A078C179551FC0029315A /* GraphViewController.m in Sources */ = {isa = PBXBuildFile; fileRef = E75A078B179551FC0029315A /* GraphViewController.m */; };
		E7710DBC178A9DF500C3472A /* UIKit.framework in Frameworks */ = {isa = PBXBuildFile; fileRef = E7710DBB178A9DF500C3472A /* UIKit.framework */; };
		E7710DBE178A9DF500C3472A /* Foundation.framework in Frameworks */ = {isa = PBXBuildFile; fileRef = E7710DBD178A9DF500C3472A /* Foundation.framework */; };
		E7710DC0178A9DF500C3472A /* CoreGraphics.framework in Frameworks */ = {isa = PBXBuildFile; fileRef = E7710DBF178A9DF500C3472A /* CoreGraphics.framework */; };
		E7710DC6178A9DF500C3472A /* InfoPlist.strings in Resources */ = {isa = PBXBuildFile; fileRef = E7710DC4178A9DF500C3472A /* InfoPlist.strings */; };
		E7710DC8178A9DF500C3472A /* main.m in Sources */ = {isa = PBXBuildFile; fileRef = E7710DC7178A9DF500C3472A /* main.m */; };
		E7710DCC178A9DF500C3472A /* AppDelegate.m in Sources */ = {isa = PBXBuildFile; fileRef = E7710DCB178A9DF500C3472A /* AppDelegate.m */; };
		E7710DCE178A9DF500C3472A /* Default.png in Resources */ = {isa = PBXBuildFile; fileRef = E7710DCD178A9DF500C3472A /* Default.png */; };
		E7710DD0178A9DF600C3472A /* Default@2x.png in Resources */ = {isa = PBXBuildFile; fileRef = E7710DCF178A9DF600C3472A /* Default@2x.png */; };
		E7710DD2178A9DF600C3472A /* Default-568h@2x.png in Resources */ = {isa = PBXBuildFile; fileRef = E7710DD1178A9DF600C3472A /* Default-568h@2x.png */; };
		E7710DD5178A9DF600C3472A /* MainStoryboard.storyboard in Resources */ = {isa = PBXBuildFile; fileRef = E7710DD3178A9DF600C3472A /* MainStoryboard.storyboard */; };
		E7710DD8178A9DF600C3472A /* SearchViewController.m in Sources */ = {isa = PBXBuildFile; fileRef = E7710DD7178A9DF600C3472A /* SearchViewController.m */; };
		E7710DE0178A9DF600C3472A /* SenTestingKit.framework in Frameworks */ = {isa = PBXBuildFile; fileRef = E7710DDF178A9DF600C3472A /* SenTestingKit.framework */; };
		E7710DE1178A9DF600C3472A /* UIKit.framework in Frameworks */ = {isa = PBXBuildFile; fileRef = E7710DBB178A9DF500C3472A /* UIKit.framework */; };
		E7710DE2178A9DF600C3472A /* Foundation.framework in Frameworks */ = {isa = PBXBuildFile; fileRef = E7710DBD178A9DF500C3472A /* Foundation.framework */; };
		E7710DEA178A9DF600C3472A /* InfoPlist.strings in Resources */ = {isa = PBXBuildFile; fileRef = E7710DE8178A9DF600C3472A /* InfoPlist.strings */; };
		E7710DED178A9DF600C3472A /* WorkWithJSONTests.m in Sources */ = {isa = PBXBuildFile; fileRef = E7710DEC178A9DF600C3472A /* WorkWithJSONTests.m */; };
		E7710DF8178A9E3F00C3472A /* ParseJSON.m in Sources */ = {isa = PBXBuildFile; fileRef = E7710DF7178A9E3F00C3472A /* ParseJSON.m */; };
		E781CE3D17B37FAE0004BCCD /* Weather.m in Sources */ = {isa = PBXBuildFile; fileRef = E781CE3C17B37FAE0004BCCD /* Weather.m */; };
		E79DD317178C0244005514BB /* CoreLocation.framework in Frameworks */ = {isa = PBXBuildFile; fileRef = E79DD316178C0244005514BB /* CoreLocation.framework */; };
		E79DD319178C176B005514BB /* MapKit.framework in Frameworks */ = {isa = PBXBuildFile; fileRef = E79DD318178C176B005514BB /* MapKit.framework */; };
		E7CA94BA1793E81000C86140 /* Weather.xcdatamodeld in Sources */ = {isa = PBXBuildFile; fileRef = E7CA94B81793E81000C86140 /* Weather.xcdatamodeld */; };
		E7CA94BC1793E99200C86140 /* CoreData.framework in Frameworks */ = {isa = PBXBuildFile; fileRef = E7CA94BB1793E99200C86140 /* CoreData.framework */; };
		E7CA94C11793F25B00C86140 /* HistoryViewController.m in Sources */ = {isa = PBXBuildFile; fileRef = E7CA94C01793F25B00C86140 /* HistoryViewController.m */; };
		E7CA94C41793F28D00C86140 /* HistoryDetailViewController.m in Sources */ = {isa = PBXBuildFile; fileRef = E7CA94C31793F28D00C86140 /* HistoryDetailViewController.m */; };
		E7CA94C71793F36400C86140 /* WeatherInfo.m in Sources */ = {isa = PBXBuildFile; fileRef = E7CA94C61793F36400C86140 /* WeatherInfo.m */; };
		E7CA94CE179430A700C86140 /* NSManagedObject+ActiveRecord.m in Sources */ = {isa = PBXBuildFile; fileRef = E7CA94CD179430A700C86140 /* NSManagedObject+ActiveRecord.m */; };
		E7CA94D0179432A000C86140 /* NSManagedObject+ActiveRecord.m in Sources */ = {isa = PBXBuildFile; fileRef = E7CA94CD179430A700C86140 /* NSManagedObject+ActiveRecord.m */; };
		E7CA952317943B0000C86140 /* QuartzCore.framework in Frameworks */ = {isa = PBXBuildFile; fileRef = E7CA952217943B0000C86140 /* QuartzCore.framework */; };
		E7CDE17C179945B800F1CE1B /* MenuViewController.m in Sources */ = {isa = PBXBuildFile; fileRef = E7CDE17B179945B800F1CE1B /* MenuViewController.m */; };
		E7CDE17F17994FC900F1CE1B /* CustomSegue.m in Sources */ = {isa = PBXBuildFile; fileRef = E7CDE17E17994FC900F1CE1B /* CustomSegue.m */; };
		E7CDE18217995C4F00F1CE1B /* WeatherViewController.m in Sources */ = {isa = PBXBuildFile; fileRef = E7CDE18117995C4E00F1CE1B /* WeatherViewController.m */; };
/* End PBXBuildFile section */

/* Begin PBXContainerItemProxy section */
		E7710DE3178A9DF600C3472A /* PBXContainerItemProxy */ = {
			isa = PBXContainerItemProxy;
			containerPortal = E7710DB0178A9DF500C3472A /* Project object */;
			proxyType = 1;
			remoteGlobalIDString = E7710DB7178A9DF500C3472A;
			remoteInfo = WorkWithJSON;
		};
/* End PBXContainerItemProxy section */

/* Begin PBXFileReference section */
		2754FDE1DE584CCCAE55F12D /* Pods.xcconfig */ = {isa = PBXFileReference; includeInIndex = 1; lastKnownFileType = text.xcconfig; name = Pods.xcconfig; path = Pods/Pods.xcconfig; sourceTree = SOURCE_ROOT; };
		8403A1131799876A00BE04E1 /* libz.dylib */ = {isa = PBXFileReference; lastKnownFileType = "compiled.mach-o.dylib"; name = libz.dylib; path = usr/lib/libz.dylib; sourceTree = SDKROOT; };
		8403A1151799877400BE04E1 /* SystemConfiguration.framework */ = {isa = PBXFileReference; lastKnownFileType = wrapper.framework; name = SystemConfiguration.framework; path = System/Library/Frameworks/SystemConfiguration.framework; sourceTree = SDKROOT; };
		8403A1171799877E00BE04E1 /* MobileCoreServices.framework */ = {isa = PBXFileReference; lastKnownFileType = wrapper.framework; name = MobileCoreServices.framework; path = System/Library/Frameworks/MobileCoreServices.framework; sourceTree = SDKROOT; };
		8403A119179987B000BE04E1 /* CFNetwork.framework */ = {isa = PBXFileReference; lastKnownFileType = wrapper.framework; name = CFNetwork.framework; path = System/Library/Frameworks/CFNetwork.framework; sourceTree = SDKROOT; };
		8403A11B179987BA00BE04E1 /* Security.framework */ = {isa = PBXFileReference; lastKnownFileType = wrapper.framework; name = Security.framework; path = System/Library/Frameworks/Security.framework; sourceTree = SDKROOT; };
		E7477170179D144700762726 /* Annotation.h */ = {isa = PBXFileReference; fileEncoding = 4; lastKnownFileType = sourcecode.c.h; path = Annotation.h; sourceTree = "<group>"; };
		E7477171179D144700762726 /* Annotation.m */ = {isa = PBXFileReference; fileEncoding = 4; lastKnownFileType = sourcecode.c.objc; path = Annotation.m; sourceTree = "<group>"; };
		E75A078A179551FC0029315A /* GraphViewController.h */ = {isa = PBXFileReference; fileEncoding = 4; lastKnownFileType = sourcecode.c.h; path = GraphViewController.h; sourceTree = "<group>"; };
		E75A078B179551FC0029315A /* GraphViewController.m */ = {isa = PBXFileReference; fileEncoding = 4; lastKnownFileType = sourcecode.c.objc; path = GraphViewController.m; sourceTree = "<group>"; };
		E7710DB8178A9DF500C3472A /* Weather.app */ = {isa = PBXFileReference; explicitFileType = wrapper.application; includeInIndex = 0; path = Weather.app; sourceTree = BUILT_PRODUCTS_DIR; };
		E7710DBB178A9DF500C3472A /* UIKit.framework */ = {isa = PBXFileReference; lastKnownFileType = wrapper.framework; name = UIKit.framework; path = System/Library/Frameworks/UIKit.framework; sourceTree = SDKROOT; };
		E7710DBD178A9DF500C3472A /* Foundation.framework */ = {isa = PBXFileReference; lastKnownFileType = wrapper.framework; name = Foundation.framework; path = System/Library/Frameworks/Foundation.framework; sourceTree = SDKROOT; };
		E7710DBF178A9DF500C3472A /* CoreGraphics.framework */ = {isa = PBXFileReference; lastKnownFileType = wrapper.framework; name = CoreGraphics.framework; path = System/Library/Frameworks/CoreGraphics.framework; sourceTree = SDKROOT; };
		E7710DC3178A9DF500C3472A /* Weather-Info.plist */ = {isa = PBXFileReference; lastKnownFileType = text.plist.xml; path = "Weather-Info.plist"; sourceTree = "<group>"; };
		E7710DC5178A9DF500C3472A /* en */ = {isa = PBXFileReference; lastKnownFileType = text.plist.strings; name = en; path = en.lproj/InfoPlist.strings; sourceTree = "<group>"; };
		E7710DC7178A9DF500C3472A /* main.m */ = {isa = PBXFileReference; lastKnownFileType = sourcecode.c.objc; path = main.m; sourceTree = "<group>"; };
		E7710DC9178A9DF500C3472A /* Weather-Prefix.pch */ = {isa = PBXFileReference; lastKnownFileType = sourcecode.c.h; path = "Weather-Prefix.pch"; sourceTree = "<group>"; };
		E7710DCA178A9DF500C3472A /* AppDelegate.h */ = {isa = PBXFileReference; lastKnownFileType = sourcecode.c.h; path = AppDelegate.h; sourceTree = "<group>"; };
		E7710DCB178A9DF500C3472A /* AppDelegate.m */ = {isa = PBXFileReference; lastKnownFileType = sourcecode.c.objc; path = AppDelegate.m; sourceTree = "<group>"; };
		E7710DCD178A9DF500C3472A /* Default.png */ = {isa = PBXFileReference; lastKnownFileType = image.png; path = Default.png; sourceTree = "<group>"; };
		E7710DCF178A9DF600C3472A /* Default@2x.png */ = {isa = PBXFileReference; lastKnownFileType = image.png; path = "Default@2x.png"; sourceTree = "<group>"; };
		E7710DD1178A9DF600C3472A /* Default-568h@2x.png */ = {isa = PBXFileReference; lastKnownFileType = image.png; path = "Default-568h@2x.png"; sourceTree = "<group>"; };
		E7710DD4178A9DF600C3472A /* en */ = {isa = PBXFileReference; lastKnownFileType = file.storyboard; name = en; path = en.lproj/MainStoryboard.storyboard; sourceTree = "<group>"; };
		E7710DD6178A9DF600C3472A /* SearchViewController.h */ = {isa = PBXFileReference; lastKnownFileType = sourcecode.c.h; path = SearchViewController.h; sourceTree = "<group>"; };
		E7710DD7178A9DF600C3472A /* SearchViewController.m */ = {isa = PBXFileReference; lastKnownFileType = sourcecode.c.objc; path = SearchViewController.m; sourceTree = "<group>"; };
		E7710DDE178A9DF600C3472A /* WeatherTests.octest */ = {isa = PBXFileReference; explicitFileType = wrapper.cfbundle; includeInIndex = 0; path = WeatherTests.octest; sourceTree = BUILT_PRODUCTS_DIR; };
		E7710DDF178A9DF600C3472A /* SenTestingKit.framework */ = {isa = PBXFileReference; lastKnownFileType = wrapper.framework; name = SenTestingKit.framework; path = Library/Frameworks/SenTestingKit.framework; sourceTree = DEVELOPER_DIR; };
		E7710DE7178A9DF600C3472A /* WeatherTests-Info.plist */ = {isa = PBXFileReference; lastKnownFileType = text.plist.xml; path = "WeatherTests-Info.plist"; sourceTree = "<group>"; };
		E7710DE9178A9DF600C3472A /* en */ = {isa = PBXFileReference; lastKnownFileType = text.plist.strings; name = en; path = en.lproj/InfoPlist.strings; sourceTree = "<group>"; };
		E7710DEB178A9DF600C3472A /* WorkWithJSONTests.h */ = {isa = PBXFileReference; lastKnownFileType = sourcecode.c.h; path = WorkWithJSONTests.h; sourceTree = "<group>"; };
		E7710DEC178A9DF600C3472A /* WorkWithJSONTests.m */ = {isa = PBXFileReference; lastKnownFileType = sourcecode.c.objc; path = WorkWithJSONTests.m; sourceTree = "<group>"; };
		E7710DF6178A9E3F00C3472A /* ParseJSON.h */ = {isa = PBXFileReference; fileEncoding = 4; lastKnownFileType = sourcecode.c.h; path = ParseJSON.h; sourceTree = "<group>"; };
		E7710DF7178A9E3F00C3472A /* ParseJSON.m */ = {isa = PBXFileReference; fileEncoding = 4; lastKnownFileType = sourcecode.c.objc; path = ParseJSON.m; sourceTree = "<group>"; };
		E781CE3B17B37FAE0004BCCD /* Weather.h */ = {isa = PBXFileReference; fileEncoding = 4; lastKnownFileType = sourcecode.c.h; path = Weather.h; sourceTree = "<group>"; };
		E781CE3C17B37FAE0004BCCD /* Weather.m */ = {isa = PBXFileReference; fileEncoding = 4; lastKnownFileType = sourcecode.c.objc; path = Weather.m; sourceTree = "<group>"; };
		E79DD316178C0244005514BB /* CoreLocation.framework */ = {isa = PBXFileReference; lastKnownFileType = wrapper.framework; name = CoreLocation.framework; path = System/Library/Frameworks/CoreLocation.framework; sourceTree = SDKROOT; };
		E79DD318178C176B005514BB /* MapKit.framework */ = {isa = PBXFileReference; lastKnownFileType = wrapper.framework; name = MapKit.framework; path = System/Library/Frameworks/MapKit.framework; sourceTree = SDKROOT; };
		E7CA94B91793E81000C86140 /* Weather.xcdatamodel */ = {isa = PBXFileReference; lastKnownFileType = wrapper.xcdatamodel; path = Weather.xcdatamodel; sourceTree = "<group>"; };
		E7CA94BB1793E99200C86140 /* CoreData.framework */ = {isa = PBXFileReference; lastKnownFileType = wrapper.framework; name = CoreData.framework; path = System/Library/Frameworks/CoreData.framework; sourceTree = SDKROOT; };
		E7CA94BF1793F25B00C86140 /* HistoryViewController.h */ = {isa = PBXFileReference; fileEncoding = 4; lastKnownFileType = sourcecode.c.h; path = HistoryViewController.h; sourceTree = "<group>"; };
		E7CA94C01793F25B00C86140 /* HistoryViewController.m */ = {isa = PBXFileReference; fileEncoding = 4; lastKnownFileType = sourcecode.c.objc; path = HistoryViewController.m; sourceTree = "<group>"; };
		E7CA94C21793F28D00C86140 /* HistoryDetailViewController.h */ = {isa = PBXFileReference; fileEncoding = 4; lastKnownFileType = sourcecode.c.h; path = HistoryDetailViewController.h; sourceTree = "<group>"; };
		E7CA94C31793F28D00C86140 /* HistoryDetailViewController.m */ = {isa = PBXFileReference; fileEncoding = 4; lastKnownFileType = sourcecode.c.objc; path = HistoryDetailViewController.m; sourceTree = "<group>"; };
		E7CA94C51793F36400C86140 /* WeatherInfo.h */ = {isa = PBXFileReference; fileEncoding = 4; lastKnownFileType = sourcecode.c.h; path = WeatherInfo.h; sourceTree = "<group>"; };
		E7CA94C61793F36400C86140 /* WeatherInfo.m */ = {isa = PBXFileReference; fileEncoding = 4; lastKnownFileType = sourcecode.c.objc; path = WeatherInfo.m; sourceTree = "<group>"; };
		E7CA94CC179430A700C86140 /* NSManagedObject+ActiveRecord.h */ = {isa = PBXFileReference; fileEncoding = 4; lastKnownFileType = sourcecode.c.h; path = "NSManagedObject+ActiveRecord.h"; sourceTree = "<group>"; };
		E7CA94CD179430A700C86140 /* NSManagedObject+ActiveRecord.m */ = {isa = PBXFileReference; fileEncoding = 4; lastKnownFileType = sourcecode.c.objc; path = "NSManagedObject+ActiveRecord.m"; sourceTree = "<group>"; };
		E7CA952217943B0000C86140 /* QuartzCore.framework */ = {isa = PBXFileReference; lastKnownFileType = wrapper.framework; name = QuartzCore.framework; path = System/Library/Frameworks/QuartzCore.framework; sourceTree = SDKROOT; };
		E7CDE17A179945B800F1CE1B /* MenuViewController.h */ = {isa = PBXFileReference; fileEncoding = 4; lastKnownFileType = sourcecode.c.h; path = MenuViewController.h; sourceTree = "<group>"; };
		E7CDE17B179945B800F1CE1B /* MenuViewController.m */ = {isa = PBXFileReference; fileEncoding = 4; lastKnownFileType = sourcecode.c.objc; path = MenuViewController.m; sourceTree = "<group>"; };
		E7CDE17D17994FC900F1CE1B /* CustomSegue.h */ = {isa = PBXFileReference; fileEncoding = 4; lastKnownFileType = sourcecode.c.h; path = CustomSegue.h; sourceTree = "<group>"; };
		E7CDE17E17994FC900F1CE1B /* CustomSegue.m */ = {isa = PBXFileReference; fileEncoding = 4; lastKnownFileType = sourcecode.c.objc; path = CustomSegue.m; sourceTree = "<group>"; };
		E7CDE18017995C4D00F1CE1B /* WeatherViewController.h */ = {isa = PBXFileReference; fileEncoding = 4; lastKnownFileType = sourcecode.c.h; path = WeatherViewController.h; sourceTree = "<group>"; };
		E7CDE18117995C4E00F1CE1B /* WeatherViewController.m */ = {isa = PBXFileReference; fileEncoding = 4; lastKnownFileType = sourcecode.c.objc; path = WeatherViewController.m; sourceTree = "<group>"; };
		F2DE0AE4156C499F8EB092F9 /* libPods.a */ = {isa = PBXFileReference; explicitFileType = archive.ar; includeInIndex = 0; path = libPods.a; sourceTree = BUILT_PRODUCTS_DIR; };
/* End PBXFileReference section */

/* Begin PBXFrameworksBuildPhase section */
		E7710DB5178A9DF500C3472A /* Frameworks */ = {
			isa = PBXFrameworksBuildPhase;
			buildActionMask = 2147483647;
			files = (
				8403A11C179987BA00BE04E1 /* Security.framework in Frameworks */,
				8403A11A179987B000BE04E1 /* CFNetwork.framework in Frameworks */,
				E7710DC0178A9DF500C3472A /* CoreGraphics.framework in Frameworks */,
				8403A1181799877E00BE04E1 /* MobileCoreServices.framework in Frameworks */,
				8403A1161799877400BE04E1 /* SystemConfiguration.framework in Frameworks */,
				8403A1141799876A00BE04E1 /* libz.dylib in Frameworks */,
				E7CA952317943B0000C86140 /* QuartzCore.framework in Frameworks */,
				E7CA94BC1793E99200C86140 /* CoreData.framework in Frameworks */,
				E79DD319178C176B005514BB /* MapKit.framework in Frameworks */,
				E79DD317178C0244005514BB /* CoreLocation.framework in Frameworks */,
				E7710DBC178A9DF500C3472A /* UIKit.framework in Frameworks */,
				E7710DBE178A9DF500C3472A /* Foundation.framework in Frameworks */,
				44514FEB0AE24009ABCC5720 /* libPods.a in Frameworks */,
			);
			runOnlyForDeploymentPostprocessing = 0;
		};
		E7710DDA178A9DF600C3472A /* Frameworks */ = {
			isa = PBXFrameworksBuildPhase;
			buildActionMask = 2147483647;
			files = (
				E7710DE0178A9DF600C3472A /* SenTestingKit.framework in Frameworks */,
				E7710DE1178A9DF600C3472A /* UIKit.framework in Frameworks */,
				E7710DE2178A9DF600C3472A /* Foundation.framework in Frameworks */,
			);
			runOnlyForDeploymentPostprocessing = 0;
		};
/* End PBXFrameworksBuildPhase section */

/* Begin PBXGroup section */
		E7710DAF178A9DF500C3472A = {
			isa = PBXGroup;
			children = (
				E7710DC1178A9DF500C3472A /* Weather */,
				E7710DE5178A9DF600C3472A /* WeatherTests */,
				E7710DBA178A9DF500C3472A /* Frameworks */,
				E7710DB9178A9DF500C3472A /* Products */,
				2754FDE1DE584CCCAE55F12D /* Pods.xcconfig */,
			);
			sourceTree = "<group>";
		};
		E7710DB9178A9DF500C3472A /* Products */ = {
			isa = PBXGroup;
			children = (
				E7710DB8178A9DF500C3472A /* Weather.app */,
				E7710DDE178A9DF600C3472A /* WeatherTests.octest */,
			);
			name = Products;
			sourceTree = "<group>";
		};
		E7710DBA178A9DF500C3472A /* Frameworks */ = {
			isa = PBXGroup;
			children = (
				8403A11B179987BA00BE04E1 /* Security.framework */,
				8403A119179987B000BE04E1 /* CFNetwork.framework */,
				8403A1171799877E00BE04E1 /* MobileCoreServices.framework */,
				8403A1151799877400BE04E1 /* SystemConfiguration.framework */,
				8403A1131799876A00BE04E1 /* libz.dylib */,
				E7CA952217943B0000C86140 /* QuartzCore.framework */,
				E7CA94BB1793E99200C86140 /* CoreData.framework */,
				E79DD318178C176B005514BB /* MapKit.framework */,
				E79DD316178C0244005514BB /* CoreLocation.framework */,
				E7710DBB178A9DF500C3472A /* UIKit.framework */,
				E7710DBD178A9DF500C3472A /* Foundation.framework */,
				E7710DBF178A9DF500C3472A /* CoreGraphics.framework */,
				E7710DDF178A9DF600C3472A /* SenTestingKit.framework */,
				F2DE0AE4156C499F8EB092F9 /* libPods.a */,
			);
			name = Frameworks;
			sourceTree = "<group>";
		};
		E7710DC1178A9DF500C3472A /* Weather */ = {
			isa = PBXGroup;
			children = (
				E7CA94C81793F43800C86140 /* Main */,
				E7CA94BE1793F1A600C86140 /* Controllers */,
				E7CA94BD1793ED8700C86140 /* Model and model classes */,
				E7710DC2178A9DF500C3472A /* Supporting Files */,
				E7710DF6178A9E3F00C3472A /* ParseJSON.h */,
				E7710DF7178A9E3F00C3472A /* ParseJSON.m */,
			);
			path = Weather;
			sourceTree = "<group>";
		};
		E7710DC2178A9DF500C3472A /* Supporting Files */ = {
			isa = PBXGroup;
			children = (
				E781CE3B17B37FAE0004BCCD /* Weather.h */,
				E781CE3C17B37FAE0004BCCD /* Weather.m */,
				E7477170179D144700762726 /* Annotation.h */,
				E7477171179D144700762726 /* Annotation.m */,
				E7710DC3178A9DF500C3472A /* Weather-Info.plist */,
				E7710DC4178A9DF500C3472A /* InfoPlist.strings */,
				E7710DC7178A9DF500C3472A /* main.m */,
				E7710DC9178A9DF500C3472A /* Weather-Prefix.pch */,
				E7710DCD178A9DF500C3472A /* Default.png */,
				E7710DCF178A9DF600C3472A /* Default@2x.png */,
				E7710DD1178A9DF600C3472A /* Default-568h@2x.png */,
			);
			name = "Supporting Files";
			sourceTree = "<group>";
		};
		E7710DE5178A9DF600C3472A /* WeatherTests */ = {
			isa = PBXGroup;
			children = (
				E7710DEB178A9DF600C3472A /* WorkWithJSONTests.h */,
				E7710DEC178A9DF600C3472A /* WorkWithJSONTests.m */,
				E7710DE6178A9DF600C3472A /* Supporting Files */,
			);
			path = WeatherTests;
			sourceTree = "<group>";
		};
		E7710DE6178A9DF600C3472A /* Supporting Files */ = {
			isa = PBXGroup;
			children = (
				E7710DE7178A9DF600C3472A /* WeatherTests-Info.plist */,
				E7710DE8178A9DF600C3472A /* InfoPlist.strings */,
			);
			name = "Supporting Files";
			sourceTree = "<group>";
		};
		E7CA94BD1793ED8700C86140 /* Model and model classes */ = {
			isa = PBXGroup;
			children = (
				E7CA94B81793E81000C86140 /* Weather.xcdatamodeld */,
				E7CA94C51793F36400C86140 /* WeatherInfo.h */,
				E7CA94C61793F36400C86140 /* WeatherInfo.m */,
			);
			name = "Model and model classes";
			sourceTree = "<group>";
		};
		E7CA94BE1793F1A600C86140 /* Controllers */ = {
			isa = PBXGroup;
			children = (
				E7CDE18017995C4D00F1CE1B /* WeatherViewController.h */,
				E7CDE18117995C4E00F1CE1B /* WeatherViewController.m */,
				E7CDE17A179945B800F1CE1B /* MenuViewController.h */,
				E7CDE17B179945B800F1CE1B /* MenuViewController.m */,
				E7CA94BF1793F25B00C86140 /* HistoryViewController.h */,
				E7CA94C01793F25B00C86140 /* HistoryViewController.m */,
				E7CA94C21793F28D00C86140 /* HistoryDetailViewController.h */,
				E7CA94C31793F28D00C86140 /* HistoryDetailViewController.m */,
				E7710DD6178A9DF600C3472A /* SearchViewController.h */,
				E7710DD7178A9DF600C3472A /* SearchViewController.m */,
				E75A078A179551FC0029315A /* GraphViewController.h */,
				E75A078B179551FC0029315A /* GraphViewController.m */,
			);
			name = Controllers;
			sourceTree = "<group>";
		};
		E7CA94C81793F43800C86140 /* Main */ = {
			isa = PBXGroup;
			children = (
				E7CA94CC179430A700C86140 /* NSManagedObject+ActiveRecord.h */,
				E7CA94CD179430A700C86140 /* NSManagedObject+ActiveRecord.m */,
				E7710DCA178A9DF500C3472A /* AppDelegate.h */,
				E7710DCB178A9DF500C3472A /* AppDelegate.m */,
				E7710DD3178A9DF600C3472A /* MainStoryboard.storyboard */,
				E7CDE17D17994FC900F1CE1B /* CustomSegue.h */,
				E7CDE17E17994FC900F1CE1B /* CustomSegue.m */,
			);
			name = Main;
			sourceTree = "<group>";
		};
/* End PBXGroup section */

/* Begin PBXNativeTarget section */
		E7710DB7178A9DF500C3472A /* Weather */ = {
			isa = PBXNativeTarget;
			buildConfigurationList = E7710DF0178A9DF600C3472A /* Build configuration list for PBXNativeTarget "Weather" */;
			buildPhases = (
				88D871234B344024B94B55C6 /* Check Pods Manifest.lock */,
				E7710DB4178A9DF500C3472A /* Sources */,
				E7710DB5178A9DF500C3472A /* Frameworks */,
				E7710DB6178A9DF500C3472A /* Resources */,
				F755EE5315084D8C97CF028C /* Copy Pods Resources */,
			);
			buildRules = (
			);
			dependencies = (
			);
			name = Weather;
			productName = WorkWithJSON;
			productReference = E7710DB8178A9DF500C3472A /* Weather.app */;
			productType = "com.apple.product-type.application";
		};
		E7710DDD178A9DF600C3472A /* WeatherTests */ = {
			isa = PBXNativeTarget;
			buildConfigurationList = E7710DF3178A9DF600C3472A /* Build configuration list for PBXNativeTarget "WeatherTests" */;
			buildPhases = (
				E7710DD9178A9DF600C3472A /* Sources */,
				E7710DDA178A9DF600C3472A /* Frameworks */,
				E7710DDB178A9DF600C3472A /* Resources */,
				E7710DDC178A9DF600C3472A /* ShellScript */,
			);
			buildRules = (
			);
			dependencies = (
				E7710DE4178A9DF600C3472A /* PBXTargetDependency */,
			);
			name = WeatherTests;
			productName = WorkWithJSONTests;
			productReference = E7710DDE178A9DF600C3472A /* WeatherTests.octest */;
			productType = "com.apple.product-type.bundle";
		};
/* End PBXNativeTarget section */

/* Begin PBXProject section */
		E7710DB0178A9DF500C3472A /* Project object */ = {
			isa = PBXProject;
			attributes = {
				LastUpgradeCheck = 0460;
				ORGANIZATIONNAME = "Владимир";
			};
			buildConfigurationList = E7710DB3178A9DF500C3472A /* Build configuration list for PBXProject "Weather" */;
			compatibilityVersion = "Xcode 3.2";
			developmentRegion = English;
			hasScannedForEncodings = 0;
			knownRegions = (
				en,
			);
			mainGroup = E7710DAF178A9DF500C3472A;
			productRefGroup = E7710DB9178A9DF500C3472A /* Products */;
			projectDirPath = "";
			projectRoot = "";
			targets = (
				E7710DB7178A9DF500C3472A /* Weather */,
				E7710DDD178A9DF600C3472A /* WeatherTests */,
			);
		};
/* End PBXProject section */

/* Begin PBXResourcesBuildPhase section */
		E7710DB6178A9DF500C3472A /* Resources */ = {
			isa = PBXResourcesBuildPhase;
			buildActionMask = 2147483647;
			files = (
				E7710DC6178A9DF500C3472A /* InfoPlist.strings in Resources */,
				E7710DCE178A9DF500C3472A /* Default.png in Resources */,
				E7710DD0178A9DF600C3472A /* Default@2x.png in Resources */,
				E7710DD2178A9DF600C3472A /* Default-568h@2x.png in Resources */,
				E7710DD5178A9DF600C3472A /* MainStoryboard.storyboard in Resources */,
			);
			runOnlyForDeploymentPostprocessing = 0;
		};
		E7710DDB178A9DF600C3472A /* Resources */ = {
			isa = PBXResourcesBuildPhase;
			buildActionMask = 2147483647;
			files = (
				E7710DEA178A9DF600C3472A /* InfoPlist.strings in Resources */,
			);
			runOnlyForDeploymentPostprocessing = 0;
		};
/* End PBXResourcesBuildPhase section */

/* Begin PBXShellScriptBuildPhase section */
		88D871234B344024B94B55C6 /* Check Pods Manifest.lock */ = {
			isa = PBXShellScriptBuildPhase;
			buildActionMask = 2147483647;
			files = (
			);
			inputPaths = (
			);
			name = "Check Pods Manifest.lock";
			outputPaths = (
			);
			runOnlyForDeploymentPostprocessing = 0;
			shellPath = /bin/sh;
			shellScript = "diff \"${PODS_ROOT}/../Podfile.lock\" \"${PODS_ROOT}/Manifest.lock\" > /dev/null\nif [[ $? != 0 ]] ; then\n    cat << EOM\nerror: The sandbox is not in sync with the Podfile.lock. Run 'pod install' or update your CocoaPods installation.\nEOM\n    exit 1\nfi\n";
			showEnvVarsInLog = 0;
		};
		E7710DDC178A9DF600C3472A /* ShellScript */ = {
			isa = PBXShellScriptBuildPhase;
			buildActionMask = 2147483647;
			files = (
			);
			inputPaths = (
			);
			outputPaths = (
			);
			runOnlyForDeploymentPostprocessing = 0;
			shellPath = /bin/sh;
			shellScript = "# Run the unit tests in this test bundle.\n\"${SYSTEM_DEVELOPER_DIR}/Tools/RunUnitTests\"\n";
		};
		F755EE5315084D8C97CF028C /* Copy Pods Resources */ = {
			isa = PBXShellScriptBuildPhase;
			buildActionMask = 2147483647;
			files = (
			);
			inputPaths = (
			);
			name = "Copy Pods Resources";
			outputPaths = (
			);
			runOnlyForDeploymentPostprocessing = 0;
			shellPath = /bin/sh;
			shellScript = "\"${SRCROOT}/Pods/Pods-resources.sh\"\n";
			showEnvVarsInLog = 0;
		};
/* End PBXShellScriptBuildPhase section */

/* Begin PBXSourcesBuildPhase section */
		E7710DB4178A9DF500C3472A /* Sources */ = {
			isa = PBXSourcesBuildPhase;
			buildActionMask = 2147483647;
			files = (
				E7CA94D0179432A000C86140 /* NSManagedObject+ActiveRecord.m in Sources */,
				E7710DC8178A9DF500C3472A /* main.m in Sources */,
				E7710DCC178A9DF500C3472A /* AppDelegate.m in Sources */,
				E7710DD8178A9DF600C3472A /* SearchViewController.m in Sources */,
				E7710DF8178A9E3F00C3472A /* ParseJSON.m in Sources */,
				E7CA94BA1793E81000C86140 /* Weather.xcdatamodeld in Sources */,
				E7CA94C11793F25B00C86140 /* HistoryViewController.m in Sources */,
				E7CA94C41793F28D00C86140 /* HistoryDetailViewController.m in Sources */,
				E7CA94C71793F36400C86140 /* WeatherInfo.m in Sources */,
				E75A078C179551FC0029315A /* GraphViewController.m in Sources */,
				E7CDE17C179945B800F1CE1B /* MenuViewController.m in Sources */,
				E7CDE17F17994FC900F1CE1B /* CustomSegue.m in Sources */,
				E7CDE18217995C4F00F1CE1B /* WeatherViewController.m in Sources */,
				E7477172179D144700762726 /* Annotation.m in Sources */,
				E781CE3D17B37FAE0004BCCD /* Weather.m in Sources */,
			);
			runOnlyForDeploymentPostprocessing = 0;
		};
		E7710DD9178A9DF600C3472A /* Sources */ = {
			isa = PBXSourcesBuildPhase;
			buildActionMask = 2147483647;
			files = (
				E7710DED178A9DF600C3472A /* WorkWithJSONTests.m in Sources */,
				E7CA94CE179430A700C86140 /* NSManagedObject+ActiveRecord.m in Sources */,
			);
			runOnlyForDeploymentPostprocessing = 0;
		};
/* End PBXSourcesBuildPhase section */

/* Begin PBXTargetDependency section */
		E7710DE4178A9DF600C3472A /* PBXTargetDependency */ = {
			isa = PBXTargetDependency;
			target = E7710DB7178A9DF500C3472A /* Weather */;
			targetProxy = E7710DE3178A9DF600C3472A /* PBXContainerItemProxy */;
		};
/* End PBXTargetDependency section */

/* Begin PBXVariantGroup section */
		E7710DC4178A9DF500C3472A /* InfoPlist.strings */ = {
			isa = PBXVariantGroup;
			children = (
				E7710DC5178A9DF500C3472A /* en */,
			);
			name = InfoPlist.strings;
			sourceTree = "<group>";
		};
		E7710DD3178A9DF600C3472A /* MainStoryboard.storyboard */ = {
			isa = PBXVariantGroup;
			children = (
				E7710DD4178A9DF600C3472A /* en */,
			);
			name = MainStoryboard.storyboard;
			sourceTree = "<group>";
		};
		E7710DE8178A9DF600C3472A /* InfoPlist.strings */ = {
			isa = PBXVariantGroup;
			children = (
				E7710DE9178A9DF600C3472A /* en */,
			);
			name = InfoPlist.strings;
			sourceTree = "<group>";
		};
/* End PBXVariantGroup section */

/* Begin XCBuildConfiguration section */
		E7710DEE178A9DF600C3472A /* Debug */ = {
			isa = XCBuildConfiguration;
			buildSettings = {
				ALWAYS_SEARCH_USER_PATHS = NO;
				CLANG_CXX_LANGUAGE_STANDARD = "gnu++0x";
				CLANG_CXX_LIBRARY = "libc++";
				CLANG_ENABLE_OBJC_ARC = YES;
				CLANG_WARN_CONSTANT_CONVERSION = YES;
				CLANG_WARN_EMPTY_BODY = YES;
				CLANG_WARN_ENUM_CONVERSION = YES;
				CLANG_WARN_INT_CONVERSION = YES;
				CLANG_WARN__DUPLICATE_METHOD_MATCH = YES;
				"CODE_SIGN_IDENTITY[sdk=iphoneos*]" = "iPhone Developer";
				COPY_PHASE_STRIP = NO;
				GCC_C_LANGUAGE_STANDARD = gnu99;
				GCC_DYNAMIC_NO_PIC = NO;
				GCC_OPTIMIZATION_LEVEL = 0;
				GCC_PREPROCESSOR_DEFINITIONS = (
					"DEBUG=1",
					"$(inherited)",
				);
				GCC_SYMBOLS_PRIVATE_EXTERN = NO;
				GCC_WARN_ABOUT_RETURN_TYPE = YES;
				GCC_WARN_UNINITIALIZED_AUTOS = YES;
				GCC_WARN_UNUSED_VARIABLE = YES;
				IPHONEOS_DEPLOYMENT_TARGET = 6.1;
				ONLY_ACTIVE_ARCH = YES;
				SDKROOT = iphoneos;
			};
			name = Debug;
		};
		E7710DEF178A9DF600C3472A /* Release */ = {
			isa = XCBuildConfiguration;
			buildSettings = {
				ALWAYS_SEARCH_USER_PATHS = NO;
				CLANG_CXX_LANGUAGE_STANDARD = "gnu++0x";
				CLANG_CXX_LIBRARY = "libc++";
				CLANG_ENABLE_OBJC_ARC = YES;
				CLANG_WARN_CONSTANT_CONVERSION = YES;
				CLANG_WARN_EMPTY_BODY = YES;
				CLANG_WARN_ENUM_CONVERSION = YES;
				CLANG_WARN_INT_CONVERSION = YES;
				CLANG_WARN__DUPLICATE_METHOD_MATCH = YES;
				"CODE_SIGN_IDENTITY[sdk=iphoneos*]" = "iPhone Developer";
				COPY_PHASE_STRIP = YES;
				GCC_C_LANGUAGE_STANDARD = gnu99;
				GCC_WARN_ABOUT_RETURN_TYPE = YES;
				GCC_WARN_UNINITIALIZED_AUTOS = YES;
				GCC_WARN_UNUSED_VARIABLE = YES;
				IPHONEOS_DEPLOYMENT_TARGET = 6.1;
				OTHER_CFLAGS = "-DNS_BLOCK_ASSERTIONS=1";
				SDKROOT = iphoneos;
				VALIDATE_PRODUCT = YES;
			};
			name = Release;
		};
		E7710DF1178A9DF600C3472A /* Debug */ = {
			isa = XCBuildConfiguration;
			baseConfigurationReference = 2754FDE1DE584CCCAE55F12D /* Pods.xcconfig */;
			buildSettings = {
				GCC_PRECOMPILE_PREFIX_HEADER = YES;
				GCC_PREFIX_HEADER = "Weather/Weather-Prefix.pch";
				INFOPLIST_FILE = "$(SRCROOT)/Weather/Weather-Info.plist";
				LIBRARY_SEARCH_PATHS = (
					"$(inherited)",
					"\"$(SRCROOT)/Weather\"",
				);
				"OTHER_LDFLAGS[arch=*]" = "-ObjC";
				PRODUCT_NAME = Weather;
				WRAPPER_EXTENSION = app;
			};
			name = Debug;
		};
		E7710DF2178A9DF600C3472A /* Release */ = {
			isa = XCBuildConfiguration;
			baseConfigurationReference = 2754FDE1DE584CCCAE55F12D /* Pods.xcconfig */;
			buildSettings = {
				GCC_PRECOMPILE_PREFIX_HEADER = YES;
				GCC_PREFIX_HEADER = "Weather/Weather-Prefix.pch";
				INFOPLIST_FILE = "$(SRCROOT)/Weather/Weather-Info.plist";
				LIBRARY_SEARCH_PATHS = (
					"$(inherited)",
					"\"$(SRCROOT)/Weather\"",
				);
				"OTHER_LDFLAGS[arch=*]" = "-ObjC";
				PRODUCT_NAME = Weather;
				WRAPPER_EXTENSION = app;
			};
			name = Release;
		};
		E7710DF4178A9DF600C3472A /* Debug */ = {
			isa = XCBuildConfiguration;
			buildSettings = {
				BUNDLE_LOADER = "$(BUILT_PRODUCTS_DIR)/WorkWithJSON.app/WorkWithJSON";
				FRAMEWORK_SEARCH_PATHS = (
					"\"$(SDKROOT)/Developer/Library/Frameworks\"",
					"\"$(DEVELOPER_LIBRARY_DIR)/Frameworks\"",
				);
				GCC_PRECOMPILE_PREFIX_HEADER = YES;
				GCC_PREFIX_HEADER = "WorkWithJSON/WorkWithJSON-Prefix.pch";
				INFOPLIST_FILE = "WorkWithJSONTests/WeatherTests-Info.plist";
				PRODUCT_NAME = WeatherTests;
				TEST_HOST = "$(BUNDLE_LOADER)";
				WRAPPER_EXTENSION = octest;
			};
			name = Debug;
		};
		E7710DF5178A9DF600C3472A /* Release */ = {
			isa = XCBuildConfiguration;
			buildSettings = {
				BUNDLE_LOADER = "$(BUILT_PRODUCTS_DIR)/WorkWithJSON.app/WorkWithJSON";
				FRAMEWORK_SEARCH_PATHS = (
					"\"$(SDKROOT)/Developer/Library/Frameworks\"",
					"\"$(DEVELOPER_LIBRARY_DIR)/Frameworks\"",
				);
				GCC_PRECOMPILE_PREFIX_HEADER = YES;
				GCC_PREFIX_HEADER = "WorkWithJSON/WorkWithJSON-Prefix.pch";
				INFOPLIST_FILE = "WorkWithJSONTests/WeatherTests-Info.plist";
				PRODUCT_NAME = WeatherTests;
				TEST_HOST = "$(BUNDLE_LOADER)";
				WRAPPER_EXTENSION = octest;
			};
			name = Release;
		};
/* End XCBuildConfiguration section */

/* Begin XCConfigurationList section */
		E7710DB3178A9DF500C3472A /* Build configuration list for PBXProject "Weather" */ = {
			isa = XCConfigurationList;
			buildConfigurations = (
				E7710DEE178A9DF600C3472A /* Debug */,
				E7710DEF178A9DF600C3472A /* Release */,
			);
			defaultConfigurationIsVisible = 0;
			defaultConfigurationName = Release;
		};
		E7710DF0178A9DF600C3472A /* Build configuration list for PBXNativeTarget "Weather" */ = {
			isa = XCConfigurationList;
			buildConfigurations = (
				E7710DF1178A9DF600C3472A /* Debug */,
				E7710DF2178A9DF600C3472A /* Release */,
			);
			defaultConfigurationIsVisible = 0;
			defaultConfigurationName = Release;
		};
		E7710DF3178A9DF600C3472A /* Build configuration list for PBXNativeTarget "WeatherTests" */ = {
			isa = XCConfigurationList;
			buildConfigurations = (
				E7710DF4178A9DF600C3472A /* Debug */,
				E7710DF5178A9DF600C3472A /* Release */,
			);
			defaultConfigurationIsVisible = 0;
			defaultConfigurationName = Release;
		};
/* End XCConfigurationList section */

/* Begin XCVersionGroup section */
		E7CA94B81793E81000C86140 /* Weather.xcdatamodeld */ = {
			isa = XCVersionGroup;
			children = (
				E7CA94B91793E81000C86140 /* Weather.xcdatamodel */,
			);
			currentVersion = E7CA94B91793E81000C86140 /* Weather.xcdatamodel */;
			path = Weather.xcdatamodeld;
			sourceTree = "<group>";
			versionGroupType = wrapper.xcdatamodel;
		};
/* End XCVersionGroup section */
	};
	rootObject = E7710DB0178A9DF500C3472A /* Project object */;
}
